{
  "name": "@jindosh/magnetic_force_between_points",
  "version": "0.0.7",
  "lockfileVersion": 2,
  "requires": true,
  "packages": {
    "": {
      "name": "@jindosh/magnetic_force_between_points",
      "version": "0.0.7",
      "dependencies": {
        "@jindosh/magnetic_force_between_two_points": "^0.0.5",
        "@jindosh/unique_pairs_from_array_as_indexes": "^0.0.1"
      }
    },
    "node_modules/@jindosh/magnetic_force_between_two_points": {
      "version": "0.0.5",
      "resolved": "https://registry.npmjs.org/@jindosh/magnetic_force_between_two_points/-/magnetic_force_between_two_points-0.0.5.tgz",
      "integrity": "sha512-shthTKK0fHpNB0TGGaNSwAJJlTKYTpnfC7WqSUOY0GVItiUHBizKxTYnHzIsTQAqQmTP0gvanFShG7M4TLEMdA=="
    },
    "node_modules/@jindosh/unique_pairs_from_array_as_indexes": {
      "version": "0.0.1",
      "resolved": "https://registry.npmjs.org/@jindosh/unique_pairs_from_array_as_indexes/-/unique_pairs_from_array_as_indexes-0.0.1.tgz",
      "integrity": "sha512-4kMTaAL9ukzfdmJp4/rUOTHFc2IrHqqh//bQS6OOeZlde7q+9czTuLNYBCrmWG07DPKm/5dyKTInVDAL0U4PHw=="
    }
  },
  "dependencies": {
    "@jindosh/magnetic_force_between_two_points": {
      "version": "0.0.5",
      "resolved": "https://registry.npmjs.org/@jindosh/magnetic_force_between_two_points/-/magnetic_force_between_two_points-0.0.5.tgz",
      "integrity": "sha512-shthTKK0fHpNB0TGGaNSwAJJlTKYTpnfC7WqSUOY0GVItiUHBizKxTYnHzIsTQAqQmTP0gvanFShG7M4TLEMdA=="
    },
    "@jindosh/unique_pairs_from_array_as_indexes": {
      "version": "0.0.1",
      "resolved": "https://registry.npmjs.org/@jindosh/unique_pairs_from_array_as_indexes/-/unique_pairs_from_array_as_indexes-0.0.1.tgz",
      "integrity": "sha512-4kMTaAL9ukzfdmJp4/rUOTHFc2IrHqqh//bQS6OOeZlde7q+9czTuLNYBCrmWG07DPKm/5dyKTInVDAL0U4PHw=="
    }
  }
}
